
Microsoft Visual Studio Solution File, Format Version 12.00
# Visual Studio 15
VisualStudioVersion = 15.0.28307.329
MinimumVisualStudioVersion = 10.0.40219.1
Project("{FAE04EC0-301F-11D3-BF4B-00C04F79EFBC}") = "task3", "task3\task3.csproj", "{90876D1D-8660-43C2-94CE-769A45715C91}"
EndProject
Global
	GlobalSection(SolutionConfigurationPlatforms) = preSolution
		Debug|Any CPU = Debug|Any CPU
		Release|Any CPU = Release|Any CPU
	EndGlobalSection
	GlobalSection(ProjectConfigurationPlatforms) = postSolution
		{90876D1D-8660-43C2-94CE-769A45715C91}.Debug|Any CPU.ActiveCfg = Debug|Any CPU
		{90876D1D-8660-43C2-94CE-769A45715C91}.Debug|Any CPU.Build.0 = Debug|Any CPU
		{90876D1D-8660-43C2-94CE-769A45715C91}.Release|Any CPU.ActiveCfg = Release|Any CPU
		{90876D1D-8660-43C2-94CE-769A45715C91}.Release|Any CPU.Build.0 = Release|Any CPU
	EndGlobalSection
	GlobalSection(SolutionProperties) = preSolution
		HideSolutionNode = FALSE
	EndGlobalSection
	GlobalSection(ExtensibilityGlobals) = postSolution
		SolutionGuid = {1AFA3F33-7639-4702-AE7C-8612DC29C2EE}
	EndGlobalSection
EndGlobal
